
Microsoft Visual Studio Solution File, Format Version 12.00
# Visual Studio Version 17
VisualStudioVersion = 17.2.32516.85
MinimumVisualStudioVersion = 10.0.40219.1
Project("{9A19103F-16F7-4668-BE54-9A1E7A4F7556}") = "Study.VS2022.Model", "Study.VS2022.Model\Study.VS2022.Model.csproj", "{1BF03C67-6B74-412D-89A8-D7ED163F4EEE}"
EndProject
Project("{9A19103F-16F7-4668-BE54-9A1E7A4F7556}") = "Study.VS2022.Model.MSSQLServer", "Study.VS2022.Model.MSSQLServer\Study.VS2022.Model.MSSQLServer.csproj", "{EF0B9899-7320-4A6F-8BD4-53E7B3AA6493}"
EndProject
Project("{9A19103F-16F7-4668-BE54-9A1E7A4F7556}") = "Study.VS2022.Model.Oracle", "Study.VS2022.Model.Oracle\Study.VS2022.Model.Oracle.csproj", "{989972B8-B25B-44A4-B1A0-56420845B791}"
EndProject
Project("{2150E333-8FDC-42A3-9474-1A3956D46DE8}") = "Model", "Model", "{2078CBA4-4257-4BDA-BD9E-82D6D8C961D4}"
EndProject
Project("{2150E333-8FDC-42A3-9474-1A3956D46DE8}") = "Common", "Common", "{297811F6-ECDC-4CD2-94CA-00848005754D}"
EndProject
Project("{2150E333-8FDC-42A3-9474-1A3956D46DE8}") = "DAL", "DAL", "{C22D347C-E984-44CB-B453-5C5DEC6A6E15}"
EndProject
Project("{2150E333-8FDC-42A3-9474-1A3956D46DE8}") = "BLL", "BLL", "{F9462C74-0ADB-4732-81E2-09FE15DE380C}"
EndProject
Project("{2150E333-8FDC-42A3-9474-1A3956D46DE8}") = "UI", "UI", "{961848F1-0B3E-4FA1-A824-DF0BD0921D53}"
EndProject
Project("{9A19103F-16F7-4668-BE54-9A1E7A4F7556}") = "Study.VS2022.Common", "Study.VS2022.Common\Study.VS2022.Common.csproj", "{3F4FBBC6-2F9D-4A5A-A823-9EA4A72E3441}"
EndProject
Project("{9A19103F-16F7-4668-BE54-9A1E7A4F7556}") = "Study.VS2022.BLL", "Study.VS2022.BLL\Study.VS2022.BLL.csproj", "{40D7BF8E-1491-4308-9F6E-39F662AC43A5}"
EndProject
Project("{9A19103F-16F7-4668-BE54-9A1E7A4F7556}") = "Study.VS2022.IBLL", "Study.VS2022.IBLL\Study.VS2022.IBLL.csproj", "{00E3125C-803F-4ACE-9F97-BEB025C95D87}"
EndProject
Project("{9A19103F-16F7-4668-BE54-9A1E7A4F7556}") = "Study.VS2022.DAL", "Study.VS2022.DAL\Study.VS2022.DAL.csproj", "{99311C7B-3B5E-448A-810C-404D42ABF5E3}"
EndProject
Project("{9A19103F-16F7-4668-BE54-9A1E7A4F7556}") = "Study.VS2022.IDAL", "Study.VS2022.IDAL\Study.VS2022.IDAL.csproj", "{1EBB6773-4E23-46F6-AECF-CF13E94A1DE1}"
EndProject
Project("{9A19103F-16F7-4668-BE54-9A1E7A4F7556}") = "Study.VS2022.DALFactory", "Study.VS2022.DALFactory\Study.VS2022.DALFactory.csproj", "{70502938-B917-449E-803C-677C5B18C58D}"
EndProject
Project("{9A19103F-16F7-4668-BE54-9A1E7A4F7556}") = "Study.VS2022.Web", "Study.VS2022.Web\Study.VS2022.Web.csproj", "{F43483B0-3753-4B1A-8FD5-97C32A16D92C}"
EndProject
Project("{FAE04EC0-301F-11D3-BF4B-00C04F79EFBC}") = "Study.VS2022.WebEmpty", "Study.VS2022.WebEmpty\Study.VS2022.WebEmpty.csproj", "{422EB116-3AC3-438B-8518-0EE1E236977A}"
EndProject
Project("{FAE04EC0-301F-11D3-BF4B-00C04F79EFBC}") = "Study.VS2022.WebAPI", "Study.VS2022.WebAPI\Study.VS2022.WebAPI.csproj", "{DE458A52-B49F-4DAD-8BFA-37DFE6C4D6BC}"
EndProject
Global
	GlobalSection(SolutionConfigurationPlatforms) = preSolution
		Debug|Any CPU = Debug|Any CPU
		Release|Any CPU = Release|Any CPU
	EndGlobalSection
	GlobalSection(ProjectConfigurationPlatforms) = postSolution
		{1BF03C67-6B74-412D-89A8-D7ED163F4EEE}.Debug|Any CPU.ActiveCfg = Debug|Any CPU
		{1BF03C67-6B74-412D-89A8-D7ED163F4EEE}.Debug|Any CPU.Build.0 = Debug|Any CPU
		{1BF03C67-6B74-412D-89A8-D7ED163F4EEE}.Release|Any CPU.ActiveCfg = Release|Any CPU
		{1BF03C67-6B74-412D-89A8-D7ED163F4EEE}.Release|Any CPU.Build.0 = Release|Any CPU
		{EF0B9899-7320-4A6F-8BD4-53E7B3AA6493}.Debug|Any CPU.ActiveCfg = Debug|Any CPU
		{EF0B9899-7320-4A6F-8BD4-53E7B3AA6493}.Debug|Any CPU.Build.0 = Debug|Any CPU
		{EF0B9899-7320-4A6F-8BD4-53E7B3AA6493}.Release|Any CPU.ActiveCfg = Release|Any CPU
		{EF0B9899-7320-4A6F-8BD4-53E7B3AA6493}.Release|Any CPU.Build.0 = Release|Any CPU
		{989972B8-B25B-44A4-B1A0-56420845B791}.Debug|Any CPU.ActiveCfg = Debug|Any CPU
		{989972B8-B25B-44A4-B1A0-56420845B791}.Debug|Any CPU.Build.0 = Debug|Any CPU
		{989972B8-B25B-44A4-B1A0-56420845B791}.Release|Any CPU.ActiveCfg = Release|Any CPU
		{989972B8-B25B-44A4-B1A0-56420845B791}.Release|Any CPU.Build.0 = Release|Any CPU
		{3F4FBBC6-2F9D-4A5A-A823-9EA4A72E3441}.Debug|Any CPU.ActiveCfg = Debug|Any CPU
		{3F4FBBC6-2F9D-4A5A-A823-9EA4A72E3441}.Debug|Any CPU.Build.0 = Debug|Any CPU
		{3F4FBBC6-2F9D-4A5A-A823-9EA4A72E3441}.Release|Any CPU.ActiveCfg = Release|Any CPU
		{3F4FBBC6-2F9D-4A5A-A823-9EA4A72E3441}.Release|Any CPU.Build.0 = Release|Any CPU
		{40D7BF8E-1491-4308-9F6E-39F662AC43A5}.Debug|Any CPU.ActiveCfg = Debug|Any CPU
		{40D7BF8E-1491-4308-9F6E-39F662AC43A5}.Debug|Any CPU.Build.0 = Debug|Any CPU
		{40D7BF8E-1491-4308-9F6E-39F662AC43A5}.Release|Any CPU.ActiveCfg = Release|Any CPU
		{40D7BF8E-1491-4308-9F6E-39F662AC43A5}.Release|Any CPU.Build.0 = Release|Any CPU
		{00E3125C-803F-4ACE-9F97-BEB025C95D87}.Debug|Any CPU.ActiveCfg = Debug|Any CPU
		{00E3125C-803F-4ACE-9F97-BEB025C95D87}.Debug|Any CPU.Build.0 = Debug|Any CPU
		{00E3125C-803F-4ACE-9F97-BEB025C95D87}.Release|Any CPU.ActiveCfg = Release|Any CPU
		{00E3125C-803F-4ACE-9F97-BEB025C95D87}.Release|Any CPU.Build.0 = Release|Any CPU
		{99311C7B-3B5E-448A-810C-404D42ABF5E3}.Debug|Any CPU.ActiveCfg = Debug|Any CPU
		{99311C7B-3B5E-448A-810C-404D42ABF5E3}.Debug|Any CPU.Build.0 = Debug|Any CPU
		{99311C7B-3B5E-448A-810C-404D42ABF5E3}.Release|Any CPU.ActiveCfg = Release|Any CPU
		{99311C7B-3B5E-448A-810C-404D42ABF5E3}.Release|Any CPU.Build.0 = Release|Any CPU
		{1EBB6773-4E23-46F6-AECF-CF13E94A1DE1}.Debug|Any CPU.ActiveCfg = Debug|Any CPU
		{1EBB6773-4E23-46F6-AECF-CF13E94A1DE1}.Debug|Any CPU.Build.0 = Debug|Any CPU
		{1EBB6773-4E23-46F6-AECF-CF13E94A1DE1}.Release|Any CPU.ActiveCfg = Release|Any CPU
		{1EBB6773-4E23-46F6-AECF-CF13E94A1DE1}.Release|Any CPU.Build.0 = Release|Any CPU
		{70502938-B917-449E-803C-677C5B18C58D}.Debug|Any CPU.ActiveCfg = Debug|Any CPU
		{70502938-B917-449E-803C-677C5B18C58D}.Debug|Any CPU.Build.0 = Debug|Any CPU
		{70502938-B917-449E-803C-677C5B18C58D}.Release|Any CPU.ActiveCfg = Release|Any CPU
		{70502938-B917-449E-803C-677C5B18C58D}.Release|Any CPU.Build.0 = Release|Any CPU
		{F43483B0-3753-4B1A-8FD5-97C32A16D92C}.Debug|Any CPU.ActiveCfg = Debug|Any CPU
		{F43483B0-3753-4B1A-8FD5-97C32A16D92C}.Debug|Any CPU.Build.0 = Debug|Any CPU
		{F43483B0-3753-4B1A-8FD5-97C32A16D92C}.Release|Any CPU.ActiveCfg = Release|Any CPU
		{F43483B0-3753-4B1A-8FD5-97C32A16D92C}.Release|Any CPU.Build.0 = Release|Any CPU
		{422EB116-3AC3-438B-8518-0EE1E236977A}.Debug|Any CPU.ActiveCfg = Debug|Any CPU
		{422EB116-3AC3-438B-8518-0EE1E236977A}.Debug|Any CPU.Build.0 = Debug|Any CPU
		{422EB116-3AC3-438B-8518-0EE1E236977A}.Release|Any CPU.ActiveCfg = Release|Any CPU
		{422EB116-3AC3-438B-8518-0EE1E236977A}.Release|Any CPU.Build.0 = Release|Any CPU
		{DE458A52-B49F-4DAD-8BFA-37DFE6C4D6BC}.Debug|Any CPU.ActiveCfg = Debug|Any CPU
		{DE458A52-B49F-4DAD-8BFA-37DFE6C4D6BC}.Debug|Any CPU.Build.0 = Debug|Any CPU
		{DE458A52-B49F-4DAD-8BFA-37DFE6C4D6BC}.Release|Any CPU.ActiveCfg = Release|Any CPU
		{DE458A52-B49F-4DAD-8BFA-37DFE6C4D6BC}.Release|Any CPU.Build.0 = Release|Any CPU
	EndGlobalSection
	GlobalSection(SolutionProperties) = preSolution
		HideSolutionNode = FALSE
	EndGlobalSection
	GlobalSection(NestedProjects) = preSolution
		{1BF03C67-6B74-412D-89A8-D7ED163F4EEE} = {2078CBA4-4257-4BDA-BD9E-82D6D8C961D4}
		{EF0B9899-7320-4A6F-8BD4-53E7B3AA6493} = {2078CBA4-4257-4BDA-BD9E-82D6D8C961D4}
		{989972B8-B25B-44A4-B1A0-56420845B791} = {2078CBA4-4257-4BDA-BD9E-82D6D8C961D4}
		{3F4FBBC6-2F9D-4A5A-A823-9EA4A72E3441} = {297811F6-ECDC-4CD2-94CA-00848005754D}
		{40D7BF8E-1491-4308-9F6E-39F662AC43A5} = {F9462C74-0ADB-4732-81E2-09FE15DE380C}
		{00E3125C-803F-4ACE-9F97-BEB025C95D87} = {F9462C74-0ADB-4732-81E2-09FE15DE380C}
		{99311C7B-3B5E-448A-810C-404D42ABF5E3} = {C22D347C-E984-44CB-B453-5C5DEC6A6E15}
		{1EBB6773-4E23-46F6-AECF-CF13E94A1DE1} = {C22D347C-E984-44CB-B453-5C5DEC6A6E15}
		{70502938-B917-449E-803C-677C5B18C58D} = {C22D347C-E984-44CB-B453-5C5DEC6A6E15}
		{F43483B0-3753-4B1A-8FD5-97C32A16D92C} = {961848F1-0B3E-4FA1-A824-DF0BD0921D53}
		{422EB116-3AC3-438B-8518-0EE1E236977A} = {961848F1-0B3E-4FA1-A824-DF0BD0921D53}
		{DE458A52-B49F-4DAD-8BFA-37DFE6C4D6BC} = {961848F1-0B3E-4FA1-A824-DF0BD0921D53}
	EndGlobalSection
	GlobalSection(ExtensibilityGlobals) = postSolution
		SolutionGuid = {9490A74A-4A8B-4ADF-B14E-3DE4E6B08A84}
	EndGlobalSection
EndGlobal
